
Microsoft Visual Studio Solution File, Format Version 12.00
# Visual Studio Version 17
VisualStudioVersion = 17.7.34018.315
MinimumVisualStudioVersion = 10.0.40219.1
Project("{9A19103F-16F7-4668-BE54-9A1E7A4F7556}") = "s1011_Test_Componentes", "s1011_Test_Componentes.csproj", "{8FBA0D42-E31F-41B7-B7A3-8D654312C495}"
EndProject
Project("{9A19103F-16F7-4668-BE54-9A1E7A4F7556}") = "s1002_VcBlazor", "s1002 VcBlazor\s1002_VcBlazor.csproj", "{11D8BAB9-70A2-44F2-99C5-5858E2083A9E}"
EndProject
Global
	GlobalSection(SolutionConfigurationPlatforms) = preSolution
		Debug|Any CPU = Debug|Any CPU
		Release|Any CPU = Release|Any CPU
	EndGlobalSection
	GlobalSection(ProjectConfigurationPlatforms) = postSolution
		{8FBA0D42-E31F-41B7-B7A3-8D654312C495}.Debug|Any CPU.ActiveCfg = Debug|Any CPU
		{8FBA0D42-E31F-41B7-B7A3-8D654312C495}.Debug|Any CPU.Build.0 = Debug|Any CPU
		{8FBA0D42-E31F-41B7-B7A3-8D654312C495}.Release|Any CPU.ActiveCfg = Release|Any CPU
		{8FBA0D42-E31F-41B7-B7A3-8D654312C495}.Release|Any CPU.Build.0 = Release|Any CPU
		{11D8BAB9-70A2-44F2-99C5-5858E2083A9E}.Debug|Any CPU.ActiveCfg = Debug|Any CPU
		{11D8BAB9-70A2-44F2-99C5-5858E2083A9E}.Debug|Any CPU.Build.0 = Debug|Any CPU
		{11D8BAB9-70A2-44F2-99C5-5858E2083A9E}.Release|Any CPU.ActiveCfg = Release|Any CPU
		{11D8BAB9-70A2-44F2-99C5-5858E2083A9E}.Release|Any CPU.Build.0 = Release|Any CPU
	EndGlobalSection
	GlobalSection(SolutionProperties) = preSolution
		HideSolutionNode = FALSE
	EndGlobalSection
	GlobalSection(ExtensibilityGlobals) = postSolution
		SolutionGuid = {3283B716-2729-42FA-884D-3AC7587EF66D}
	EndGlobalSection
EndGlobal
